
Microsoft Visual Studio Solution File, Format Version 12.00
# Visual Studio Version 17
VisualStudioVersion = 17.6.33815.320
MinimumVisualStudioVersion = 10.0.40219.1
Project("{FAE04EC0-301F-11D3-BF4B-00C04F79EFBC}") = "Product", "Product\Product.csproj", "{05A56970-15B7-4245-9BF4-3B21A81A6CD9}"
EndProject
Global
	GlobalSection(SolutionConfigurationPlatforms) = preSolution
		Debug|Any CPU = Debug|Any CPU
		Release|Any CPU = Release|Any CPU
	EndGlobalSection
	GlobalSection(ProjectConfigurationPlatforms) = postSolution
		{05A56970-15B7-4245-9BF4-3B21A81A6CD9}.Debug|Any CPU.ActiveCfg = Debug|Any CPU
		{05A56970-15B7-4245-9BF4-3B21A81A6CD9}.Debug|Any CPU.Build.0 = Debug|Any CPU
		{05A56970-15B7-4245-9BF4-3B21A81A6CD9}.Release|Any CPU.ActiveCfg = Release|Any CPU
		{05A56970-15B7-4245-9BF4-3B21A81A6CD9}.Release|Any CPU.Build.0 = Release|Any CPU
	EndGlobalSection
	GlobalSection(SolutionProperties) = preSolution
		HideSolutionNode = FALSE
	EndGlobalSection
	GlobalSection(ExtensibilityGlobals) = postSolution
		SolutionGuid = {F3B470A6-7DEA-49B6-9971-325605FE017A}
	EndGlobalSection
EndGlobal
